
Microsoft Visual Studio Solution File, Format Version 12.00
# Visual Studio Version 17
VisualStudioVersion = 17.8.34322.80
MinimumVisualStudioVersion = 10.0.40219.1
Project("{2150E333-8FDC-42A3-9474-1A3956D46DE8}") = "src", "src", "{D117F053-9236-4FDC-9D06-34144370957F}"
EndProject
Project("{9A19103F-16F7-4668-BE54-9A1E7A4F7556}") = "Mobile_Appliction", "Mobile_Appliction\Mobile_Appliction.csproj", "{136F4DD1-3C56-4FD4-9478-9A0A01441890}"
EndProject
Project("{9A19103F-16F7-4668-BE54-9A1E7A4F7556}") = "T_Shop.Application", "T_Shop Application\T_Shop.Application.csproj", "{88554CC6-30A5-485A-9A16-0524CA5D2BF4}"
EndProject
Project("{FAE04EC0-301F-11D3-BF4B-00C04F79EFBC}") = "T_Shop.Domain", "T_Shop.Domain\T_Shop.Domain.csproj", "{7D2324E9-645E-4ADD-A457-76B244136F0F}"
EndProject
Project("{FAE04EC0-301F-11D3-BF4B-00C04F79EFBC}") = "T_Shop.Infrastructure", "T_Shop.Infrastructure\T_Shop.Infrastructure.csproj", "{A80539A9-879B-42E9-8CB5-9EB914046884}"
EndProject
Global
	GlobalSection(SolutionConfigurationPlatforms) = preSolution
		Debug|Any CPU = Debug|Any CPU
		Release|Any CPU = Release|Any CPU
	EndGlobalSection
	GlobalSection(ProjectConfigurationPlatforms) = postSolution
		{136F4DD1-3C56-4FD4-9478-9A0A01441890}.Debug|Any CPU.ActiveCfg = Debug|Any CPU
		{136F4DD1-3C56-4FD4-9478-9A0A01441890}.Debug|Any CPU.Build.0 = Debug|Any CPU
		{136F4DD1-3C56-4FD4-9478-9A0A01441890}.Release|Any CPU.ActiveCfg = Release|Any CPU
		{136F4DD1-3C56-4FD4-9478-9A0A01441890}.Release|Any CPU.Build.0 = Release|Any CPU
		{88554CC6-30A5-485A-9A16-0524CA5D2BF4}.Debug|Any CPU.ActiveCfg = Debug|Any CPU
		{88554CC6-30A5-485A-9A16-0524CA5D2BF4}.Debug|Any CPU.Build.0 = Debug|Any CPU
		{88554CC6-30A5-485A-9A16-0524CA5D2BF4}.Release|Any CPU.ActiveCfg = Release|Any CPU
		{88554CC6-30A5-485A-9A16-0524CA5D2BF4}.Release|Any CPU.Build.0 = Release|Any CPU
		{7D2324E9-645E-4ADD-A457-76B244136F0F}.Debug|Any CPU.ActiveCfg = Debug|Any CPU
		{7D2324E9-645E-4ADD-A457-76B244136F0F}.Debug|Any CPU.Build.0 = Debug|Any CPU
		{7D2324E9-645E-4ADD-A457-76B244136F0F}.Release|Any CPU.ActiveCfg = Release|Any CPU
		{7D2324E9-645E-4ADD-A457-76B244136F0F}.Release|Any CPU.Build.0 = Release|Any CPU
		{A80539A9-879B-42E9-8CB5-9EB914046884}.Debug|Any CPU.ActiveCfg = Debug|Any CPU
		{A80539A9-879B-42E9-8CB5-9EB914046884}.Debug|Any CPU.Build.0 = Debug|Any CPU
		{A80539A9-879B-42E9-8CB5-9EB914046884}.Release|Any CPU.ActiveCfg = Release|Any CPU
		{A80539A9-879B-42E9-8CB5-9EB914046884}.Release|Any CPU.Build.0 = Release|Any CPU
	EndGlobalSection
	GlobalSection(SolutionProperties) = preSolution
		HideSolutionNode = FALSE
	EndGlobalSection
	GlobalSection(NestedProjects) = preSolution
		{136F4DD1-3C56-4FD4-9478-9A0A01441890} = {D117F053-9236-4FDC-9D06-34144370957F}
		{88554CC6-30A5-485A-9A16-0524CA5D2BF4} = {D117F053-9236-4FDC-9D06-34144370957F}
		{7D2324E9-645E-4ADD-A457-76B244136F0F} = {D117F053-9236-4FDC-9D06-34144370957F}
		{A80539A9-879B-42E9-8CB5-9EB914046884} = {D117F053-9236-4FDC-9D06-34144370957F}
	EndGlobalSection
	GlobalSection(ExtensibilityGlobals) = postSolution
		SolutionGuid = {DE93AAC3-FFCC-424E-BEBB-061EDDE44BD4}
	EndGlobalSection
EndGlobal
